// !$*UTF8*$!
{
	archiveVersion = 1;
	classes = {
	};
	objectVersion = 45;
	objects = {

/* Begin PBXBuildFile section */
		1D3623260D0F684500981E51 /* KyouhaNannnohiAppDelegate.m in Sources */ = {isa = PBXBuildFile; fileRef = 1D3623250D0F684500981E51 /* KyouhaNannnohiAppDelegate.m */; };
		1D60589B0D05DD56006BFB54 /* main.m in Sources */ = {isa = PBXBuildFile; fileRef = 29B97316FDCFA39411CA2CEA /* main.m */; };
		1D60589F0D05DD5A006BFB54 /* Foundation.framework in Frameworks */ = {isa = PBXBuildFile; fileRef = 1D30AB110D05D00D00671497 /* Foundation.framework */; };
		1DF5F4E00D08C38300B7A737 /* UIKit.framework in Frameworks */ = {isa = PBXBuildFile; fileRef = 1DF5F4DF0D08C38300B7A737 /* UIKit.framework */; };
		288765A50DF7441C002DB57D /* CoreGraphics.framework in Frameworks */ = {isa = PBXBuildFile; fileRef = 288765A40DF7441C002DB57D /* CoreGraphics.framework */; };
		2899E5220DE3E06400AC0155 /* KyouhaNannnohiViewController.xib in Resources */ = {isa = PBXBuildFile; fileRef = 2899E5210DE3E06400AC0155 /* KyouhaNannnohiViewController.xib */; };
		28AD733F0D9D9553002E5188 /* MainWindow.xib in Resources */ = {isa = PBXBuildFile; fileRef = 28AD733E0D9D9553002E5188 /* MainWindow.xib */; };
		28D7ACF80DDB3853001CB0EB /* KyouhaNannnohiViewController.m in Sources */ = {isa = PBXBuildFile; fileRef = 28D7ACF70DDB3853001CB0EB /* KyouhaNannnohiViewController.m */; };
		ACCB62DF13421D9B00ACE658 /* Reachability.m in Sources */ = {isa = PBXBuildFile; fileRef = ACCB62DE13421D9B00ACE658 /* Reachability.m */; };
		ACCB630513421F5C00ACE658 /* MessageUI.framework in Frameworks */ = {isa = PBXBuildFile; fileRef = ACCB630313421F4600ACE658 /* MessageUI.framework */; };
		ACCB630613421F5C00ACE658 /* MediaPlayer.framework in Frameworks */ = {isa = PBXBuildFile; fileRef = ACCB630113421F3F00ACE658 /* MediaPlayer.framework */; };
		ACCB630713421F5C00ACE658 /* AudioToolbox.framework in Frameworks */ = {isa = PBXBuildFile; fileRef = ACCB62FF13421F1300ACE658 /* AudioToolbox.framework */; };
		ACCB63121342212200ACE658 /* iAd.framework in Frameworks */ = {isa = PBXBuildFile; fileRef = ACCB63101342211800ACE658 /* iAd.framework */; settings = {ATTRIBUTES = (Weak, ); }; };
		ACCB634C13423E5E00ACE658 /* Default@2x.png in Resources */ = {isa = PBXBuildFile; fileRef = ACCB634B13423E5E00ACE658 /* Default@2x.png */; };
		ACD1BF271108174000CC1179 /* background.png in Resources */ = {isa = PBXBuildFile; fileRef = ACD1BF261108174000CC1179 /* background.png */; };
		ACD1BF3411081C4F00CC1179 /* black0.png in Resources */ = {isa = PBXBuildFile; fileRef = ACD1BF3211081C4F00CC1179 /* black0.png */; };
		ACD1BF3811081CE800CC1179 /* black1.png in Resources */ = {isa = PBXBuildFile; fileRef = ACD1BF3711081CE800CC1179 /* black1.png */; };
		ACD1BF9A11082CA700CC1179 /* SystemConfiguration.framework in Frameworks */ = {isa = PBXBuildFile; fileRef = ACD1BF9911082CA700CC1179 /* SystemConfiguration.framework */; };
		ACD1BFA31108302000CC1179 /* WhatDayTodayApiModel.m in Sources */ = {isa = PBXBuildFile; fileRef = ACD1BFA21108302000CC1179 /* WhatDayTodayApiModel.m */; };
		ACD1BFAC1108323D00CC1179 /* myConnection.m in Sources */ = {isa = PBXBuildFile; fileRef = ACD1BFAB1108323D00CC1179 /* myConnection.m */; };
		ACE966DC12210DCE0083AF3F /* Default.png in Resources */ = {isa = PBXBuildFile; fileRef = ACE966DB12210DCE0083AF3F /* Default.png */; };
		ACF24119123CD33200865987 /* Icon-72.png in Resources */ = {isa = PBXBuildFile; fileRef = ACF24113123CD33200865987 /* Icon-72.png */; };
		ACF2411A123CD33200865987 /* Icon-Small-50.png in Resources */ = {isa = PBXBuildFile; fileRef = ACF24114123CD33200865987 /* Icon-Small-50.png */; };
		ACF2411B123CD33200865987 /* Icon-Small.png in Resources */ = {isa = PBXBuildFile; fileRef = ACF24115123CD33200865987 /* Icon-Small.png */; };
		ACF2411C123CD33200865987 /* Icon-Small@2x.png in Resources */ = {isa = PBXBuildFile; fileRef = ACF24116123CD33200865987 /* Icon-Small@2x.png */; };
		ACF2411D123CD33200865987 /* Icon.png in Resources */ = {isa = PBXBuildFile; fileRef = ACF24117123CD33200865987 /* Icon.png */; };
		ACF2411E123CD33200865987 /* Icon@2x.png in Resources */ = {isa = PBXBuildFile; fileRef = ACF24118123CD33200865987 /* Icon@2x.png */; };
/* End PBXBuildFile section */

/* Begin PBXFileReference section */
		1D30AB110D05D00D00671497 /* Foundation.framework */ = {isa = PBXFileReference; lastKnownFileType = wrapper.framework; name = Foundation.framework; path = System/Library/Frameworks/Foundation.framework; sourceTree = SDKROOT; };
		1D3623240D0F684500981E51 /* KyouhaNannnohiAppDelegate.h */ = {isa = PBXFileReference; fileEncoding = 4; lastKnownFileType = sourcecode.c.h; path = KyouhaNannnohiAppDelegate.h; sourceTree = "<group>"; };
		1D3623250D0F684500981E51 /* KyouhaNannnohiAppDelegate.m */ = {isa = PBXFileReference; fileEncoding = 4; lastKnownFileType = sourcecode.c.objc; path = KyouhaNannnohiAppDelegate.m; sourceTree = "<group>"; };
		1D6058910D05DD3D006BFB54 /* KyouhaNannnohi.app */ = {isa = PBXFileReference; explicitFileType = wrapper.application; includeInIndex = 0; path = KyouhaNannnohi.app; sourceTree = BUILT_PRODUCTS_DIR; };
		1DF5F4DF0D08C38300B7A737 /* UIKit.framework */ = {isa = PBXFileReference; lastKnownFileType = wrapper.framework; name = UIKit.framework; path = System/Library/Frameworks/UIKit.framework; sourceTree = SDKROOT; };
		288765A40DF7441C002DB57D /* CoreGraphics.framework */ = {isa = PBXFileReference; lastKnownFileType = wrapper.framework; name = CoreGraphics.framework; path = System/Library/Frameworks/CoreGraphics.framework; sourceTree = SDKROOT; };
		2899E5210DE3E06400AC0155 /* KyouhaNannnohiViewController.xib */ = {isa = PBXFileReference; lastKnownFileType = file.xib; path = KyouhaNannnohiViewController.xib; sourceTree = "<group>"; };
		28AD733E0D9D9553002E5188 /* MainWindow.xib */ = {isa = PBXFileReference; lastKnownFileType = file.xib; path = MainWindow.xib; sourceTree = "<group>"; };
		28D7ACF60DDB3853001CB0EB /* KyouhaNannnohiViewController.h */ = {isa = PBXFileReference; fileEncoding = 4; lastKnownFileType = sourcecode.c.h; path = KyouhaNannnohiViewController.h; sourceTree = "<group>"; };
		28D7ACF70DDB3853001CB0EB /* KyouhaNannnohiViewController.m */ = {isa = PBXFileReference; fileEncoding = 4; lastKnownFileType = sourcecode.c.objc; path = KyouhaNannnohiViewController.m; sourceTree = "<group>"; };
		29B97316FDCFA39411CA2CEA /* main.m */ = {isa = PBXFileReference; fileEncoding = 4; lastKnownFileType = sourcecode.c.objc; path = main.m; sourceTree = "<group>"; };
		32CA4F630368D1EE00C91783 /* KyouhaNannnohi_Prefix.pch */ = {isa = PBXFileReference; fileEncoding = 4; lastKnownFileType = sourcecode.c.h; path = KyouhaNannnohi_Prefix.pch; sourceTree = "<group>"; };
		8D1107310486CEB800E47090 /* KyouhaNannnohi-Info.plist */ = {isa = PBXFileReference; fileEncoding = 4; lastKnownFileType = text.plist.xml; path = "KyouhaNannnohi-Info.plist"; plistStructureDefinitionIdentifier = "com.apple.xcode.plist.structure-definition.iphone.info-plist"; sourceTree = "<group>"; };
		ACCB62DD13421D9B00ACE658 /* Reachability.h */ = {isa = PBXFileReference; fileEncoding = 4; lastKnownFileType = sourcecode.c.h; path = Reachability.h; sourceTree = "<group>"; };
		ACCB62DE13421D9B00ACE658 /* Reachability.m */ = {isa = PBXFileReference; fileEncoding = 4; lastKnownFileType = sourcecode.c.objc; path = Reachability.m; sourceTree = "<group>"; };
		ACCB62FF13421F1300ACE658 /* AudioToolbox.framework */ = {isa = PBXFileReference; lastKnownFileType = wrapper.framework; name = AudioToolbox.framework; path = /System/Library/Frameworks/AudioToolbox.framework; sourceTree = "<absolute>"; };
		ACCB630113421F3F00ACE658 /* MediaPlayer.framework */ = {isa = PBXFileReference; lastKnownFileType = wrapper.framework; name = MediaPlayer.framework; path = System/Library/Frameworks/MediaPlayer.framework; sourceTree = SDKROOT; };
		ACCB630313421F4600ACE658 /* MessageUI.framework */ = {isa = PBXFileReference; lastKnownFileType = wrapper.framework; name = MessageUI.framework; path = System/Library/Frameworks/MessageUI.framework; sourceTree = SDKROOT; };
		ACCB63101342211800ACE658 /* iAd.framework */ = {isa = PBXFileReference; lastKnownFileType = wrapper.framework; name = iAd.framework; path = System/Library/Frameworks/iAd.framework; sourceTree = SDKROOT; };
		ACCB634B13423E5E00ACE658 /* Default@2x.png */ = {isa = PBXFileReference; lastKnownFileType = image.png; path = "Default@2x.png"; sourceTree = "<group>"; };
		ACD1BF261108174000CC1179 /* background.png */ = {isa = PBXFileReference; lastKnownFileType = image.png; path = background.png; sourceTree = "<group>"; };
		ACD1BF3211081C4F00CC1179 /* black0.png */ = {isa = PBXFileReference; lastKnownFileType = image.png; path = black0.png; sourceTree = "<group>"; };
		ACD1BF3711081CE800CC1179 /* black1.png */ = {isa = PBXFileReference; lastKnownFileType = image.png; path = black1.png; sourceTree = "<group>"; };
		ACD1BF9911082CA700CC1179 /* SystemConfiguration.framework */ = {isa = PBXFileReference; lastKnownFileType = wrapper.framework; name = SystemConfiguration.framework; path = System/Library/Frameworks/SystemConfiguration.framework; sourceTree = SDKROOT; };
		ACD1BFA11108302000CC1179 /* WhatDayTodayApiModel.h */ = {isa = PBXFileReference; fileEncoding = 4; lastKnownFileType = sourcecode.c.h; path = WhatDayTodayApiModel.h; sourceTree = "<group>"; };
		ACD1BFA21108302000CC1179 /* WhatDayTodayApiModel.m */ = {isa = PBXFileReference; fileEncoding = 4; lastKnownFileType = sourcecode.c.objc; path = WhatDayTodayApiModel.m; sourceTree = "<group>"; };
		ACD1BFAA1108323D00CC1179 /* myConnection.h */ = {isa = PBXFileReference; fileEncoding = 4; lastKnownFileType = sourcecode.c.h; path = myConnection.h; sourceTree = "<group>"; };
		ACD1BFAB1108323D00CC1179 /* myConnection.m */ = {isa = PBXFileReference; fileEncoding = 4; lastKnownFileType = sourcecode.c.objc; path = myConnection.m; sourceTree = "<group>"; };
		ACE966DB12210DCE0083AF3F /* Default.png */ = {isa = PBXFileReference; lastKnownFileType = image.png; path = Default.png; sourceTree = "<group>"; };
		ACF24113123CD33200865987 /* Icon-72.png */ = {isa = PBXFileReference; lastKnownFileType = image.png; path = "Icon-72.png"; sourceTree = "<group>"; };
		ACF24114123CD33200865987 /* Icon-Small-50.png */ = {isa = PBXFileReference; lastKnownFileType = image.png; path = "Icon-Small-50.png"; sourceTree = "<group>"; };
		ACF24115123CD33200865987 /* Icon-Small.png */ = {isa = PBXFileReference; lastKnownFileType = image.png; path = "Icon-Small.png"; sourceTree = "<group>"; };
		ACF24116123CD33200865987 /* Icon-Small@2x.png */ = {isa = PBXFileReference; lastKnownFileType = image.png; path = "Icon-Small@2x.png"; sourceTree = "<group>"; };
		ACF24117123CD33200865987 /* Icon.png */ = {isa = PBXFileReference; lastKnownFileType = image.png; path = Icon.png; sourceTree = "<group>"; };
		ACF24118123CD33200865987 /* Icon@2x.png */ = {isa = PBXFileReference; lastKnownFileType = image.png; path = "Icon@2x.png"; sourceTree = "<group>"; };
/* End PBXFileReference section */

/* Begin PBXFrameworksBuildPhase section */
		1D60588F0D05DD3D006BFB54 /* Frameworks */ = {
			isa = PBXFrameworksBuildPhase;
			buildActionMask = 2147483647;
			files = (
				1D60589F0D05DD5A006BFB54 /* Foundation.framework in Frameworks */,
				1DF5F4E00D08C38300B7A737 /* UIKit.framework in Frameworks */,
				288765A50DF7441C002DB57D /* CoreGraphics.framework in Frameworks */,
				ACD1BF9A11082CA700CC1179 /* SystemConfiguration.framework in Frameworks */,
				ACCB630513421F5C00ACE658 /* MessageUI.framework in Frameworks */,
				ACCB630613421F5C00ACE658 /* MediaPlayer.framework in Frameworks */,
				ACCB630713421F5C00ACE658 /* AudioToolbox.framework in Frameworks */,
				ACCB63121342212200ACE658 /* iAd.framework in Frameworks */,
			);
			runOnlyForDeploymentPostprocessing = 0;
		};
/* End PBXFrameworksBuildPhase section */

/* Begin PBXGroup section */
		080E96DDFE201D6D7F000001 /* Classes */ = {
			isa = PBXGroup;
			children = (
				ACCB62DD13421D9B00ACE658 /* Reachability.h */,
				ACCB62DE13421D9B00ACE658 /* Reachability.m */,
				ACD1BFAA1108323D00CC1179 /* myConnection.h */,
				ACD1BFAB1108323D00CC1179 /* myConnection.m */,
				1D3623240D0F684500981E51 /* KyouhaNannnohiAppDelegate.h */,
				1D3623250D0F684500981E51 /* KyouhaNannnohiAppDelegate.m */,
				28D7ACF60DDB3853001CB0EB /* KyouhaNannnohiViewController.h */,
				28D7ACF70DDB3853001CB0EB /* KyouhaNannnohiViewController.m */,
				ACD1BFA11108302000CC1179 /* WhatDayTodayApiModel.h */,
				ACD1BFA21108302000CC1179 /* WhatDayTodayApiModel.m */,
			);
			path = Classes;
			sourceTree = "<group>";
		};
		19C28FACFE9D520D11CA2CBB /* Products */ = {
			isa = PBXGroup;
			children = (
				1D6058910D05DD3D006BFB54 /* KyouhaNannnohi.app */,
			);
			name = Products;
			sourceTree = "<group>";
		};
		29B97314FDCFA39411CA2CEA /* CustomTemplate */ = {
			isa = PBXGroup;
			children = (
				080E96DDFE201D6D7F000001 /* Classes */,
				29B97315FDCFA39411CA2CEA /* Other Sources */,
				29B97317FDCFA39411CA2CEA /* Resources */,
				29B97323FDCFA39411CA2CEA /* Frameworks */,
				19C28FACFE9D520D11CA2CBB /* Products */,
			);
			name = CustomTemplate;
			sourceTree = "<group>";
		};
		29B97315FDCFA39411CA2CEA /* Other Sources */ = {
			isa = PBXGroup;
			children = (
				32CA4F630368D1EE00C91783 /* KyouhaNannnohi_Prefix.pch */,
				29B97316FDCFA39411CA2CEA /* main.m */,
			);
			name = "Other Sources";
			sourceTree = "<group>";
		};
		29B97317FDCFA39411CA2CEA /* Resources */ = {
			isa = PBXGroup;
			children = (
				ACCB634B13423E5E00ACE658 /* Default@2x.png */,
				ACF24113123CD33200865987 /* Icon-72.png */,
				ACF24114123CD33200865987 /* Icon-Small-50.png */,
				ACF24115123CD33200865987 /* Icon-Small.png */,
				ACF24116123CD33200865987 /* Icon-Small@2x.png */,
				ACF24117123CD33200865987 /* Icon.png */,
				ACF24118123CD33200865987 /* Icon@2x.png */,
				ACD1BF261108174000CC1179 /* background.png */,
				2899E5210DE3E06400AC0155 /* KyouhaNannnohiViewController.xib */,
				ACD1BF3211081C4F00CC1179 /* black0.png */,
				ACD1BF3711081CE800CC1179 /* black1.png */,
				28AD733E0D9D9553002E5188 /* MainWindow.xib */,
				8D1107310486CEB800E47090 /* KyouhaNannnohi-Info.plist */,
				ACE966DB12210DCE0083AF3F /* Default.png */,
			);
			name = Resources;
			sourceTree = "<group>";
		};
		29B97323FDCFA39411CA2CEA /* Frameworks */ = {
			isa = PBXGroup;
			children = (
				ACCB63101342211800ACE658 /* iAd.framework */,
				ACCB630313421F4600ACE658 /* MessageUI.framework */,
				ACCB630113421F3F00ACE658 /* MediaPlayer.framework */,
				ACCB62FF13421F1300ACE658 /* AudioToolbox.framework */,
				1DF5F4DF0D08C38300B7A737 /* UIKit.framework */,
				1D30AB110D05D00D00671497 /* Foundation.framework */,
				288765A40DF7441C002DB57D /* CoreGraphics.framework */,
				ACD1BF9911082CA700CC1179 /* SystemConfiguration.framework */,
			);
			name = Frameworks;
			sourceTree = "<group>";
		};
/* End PBXGroup section */

/* Begin PBXNativeTarget section */
		1D6058900D05DD3D006BFB54 /* KyouhaNannnohi */ = {
			isa = PBXNativeTarget;
			buildConfigurationList = 1D6058960D05DD3E006BFB54 /* Build configuration list for PBXNativeTarget "KyouhaNannnohi" */;
			buildPhases = (
				1D60588D0D05DD3D006BFB54 /* Resources */,
				1D60588E0D05DD3D006BFB54 /* Sources */,
				1D60588F0D05DD3D006BFB54 /* Frameworks */,
			);
			buildRules = (
			);
			dependencies = (
			);
			name = KyouhaNannnohi;
			productName = KyouhaNannnohi;
			productReference = 1D6058910D05DD3D006BFB54 /* KyouhaNannnohi.app */;
			productType = "com.apple.product-type.application";
		};
/* End PBXNativeTarget section */

/* Begin PBXProject section */
		29B97313FDCFA39411CA2CEA /* Project object */ = {
			isa = PBXProject;
			buildConfigurationList = C01FCF4E08A954540054247B /* Build configuration list for PBXProject "KyouhaNannnohi" */;
			compatibilityVersion = "Xcode 3.1";
			developmentRegion = English;
			hasScannedForEncodings = 1;
			knownRegions = (
				English,
				Japanese,
				French,
				German,
			);
			mainGroup = 29B97314FDCFA39411CA2CEA /* CustomTemplate */;
			projectDirPath = "";
			projectRoot = "";
			targets = (
				1D6058900D05DD3D006BFB54 /* KyouhaNannnohi */,
			);
		};
/* End PBXProject section */

/* Begin PBXResourcesBuildPhase section */
		1D60588D0D05DD3D006BFB54 /* Resources */ = {
			isa = PBXResourcesBuildPhase;
			buildActionMask = 2147483647;
			files = (
				28AD733F0D9D9553002E5188 /* MainWindow.xib in Resources */,
				2899E5220DE3E06400AC0155 /* KyouhaNannnohiViewController.xib in Resources */,
				ACD1BF271108174000CC1179 /* background.png in Resources */,
				ACD1BF3411081C4F00CC1179 /* black0.png in Resources */,
				ACD1BF3811081CE800CC1179 /* black1.png in Resources */,
				ACE966DC12210DCE0083AF3F /* Default.png in Resources */,
				ACF24119123CD33200865987 /* Icon-72.png in Resources */,
				ACF2411A123CD33200865987 /* Icon-Small-50.png in Resources */,
				ACF2411B123CD33200865987 /* Icon-Small.png in Resources */,
				ACF2411C123CD33200865987 /* Icon-Small@2x.png in Resources */,
				ACF2411D123CD33200865987 /* Icon.png in Resources */,
				ACF2411E123CD33200865987 /* Icon@2x.png in Resources */,
				ACCB634C13423E5E00ACE658 /* Default@2x.png in Resources */,
			);
			runOnlyForDeploymentPostprocessing = 0;
		};
/* End PBXResourcesBuildPhase section */

/* Begin PBXSourcesBuildPhase section */
		1D60588E0D05DD3D006BFB54 /* Sources */ = {
			isa = PBXSourcesBuildPhase;
			buildActionMask = 2147483647;
			files = (
				1D60589B0D05DD56006BFB54 /* main.m in Sources */,
				1D3623260D0F684500981E51 /* KyouhaNannnohiAppDelegate.m in Sources */,
				28D7ACF80DDB3853001CB0EB /* KyouhaNannnohiViewController.m in Sources */,
				ACD1BFA31108302000CC1179 /* WhatDayTodayApiModel.m in Sources */,
				ACD1BFAC1108323D00CC1179 /* myConnection.m in Sources */,
				ACCB62DF13421D9B00ACE658 /* Reachability.m in Sources */,
			);
			runOnlyForDeploymentPostprocessing = 0;
		};
/* End PBXSourcesBuildPhase section */

/* Begin XCBuildConfiguration section */
		1D6058940D05DD3E006BFB54 /* Debug */ = {
			isa = XCBuildConfiguration;
			buildSettings = {
				ALWAYS_SEARCH_USER_PATHS = NO;
				COPY_PHASE_STRIP = NO;
				GCC_DYNAMIC_NO_PIC = NO;
				GCC_OPTIMIZATION_LEVEL = 0;
				GCC_PRECOMPILE_PREFIX_HEADER = YES;
				GCC_PREFIX_HEADER = KyouhaNannnohi_Prefix.pch;
				INFOPLIST_FILE = "KyouhaNannnohi-Info.plist";
				IPHONEOS_DEPLOYMENT_TARGET = 4.3;
				LIBRARY_SEARCH_PATHS = (
					"$(inherited)",
					"\"$(SRCROOT)\"",
					"\"$(SRCROOT)/Classes/smadd/AdMaker\"",
					"\"$(SRCROOT)/Classes/smadd/AdMob\"",
				);
				PRODUCT_NAME = KyouhaNannnohi;
			};
			name = Debug;
		};
		1D6058950D05DD3E006BFB54 /* Release */ = {
			isa = XCBuildConfiguration;
			buildSettings = {
				ALWAYS_SEARCH_USER_PATHS = NO;
				COPY_PHASE_STRIP = YES;
				GCC_PRECOMPILE_PREFIX_HEADER = YES;
				GCC_PREFIX_HEADER = KyouhaNannnohi_Prefix.pch;
				INFOPLIST_FILE = "KyouhaNannnohi-Info.plist";
				IPHONEOS_DEPLOYMENT_TARGET = 4.3;
				LIBRARY_SEARCH_PATHS = (
					"$(inherited)",
					"\"$(SRCROOT)\"",
					"\"$(SRCROOT)/Classes/smadd/AdMaker\"",
					"\"$(SRCROOT)/Classes/smadd/AdMob\"",
				);
				PRODUCT_NAME = KyouhaNannnohi;
			};
			name = Release;
		};
		ACA3D7D71108CDC5001D5D77 /* Distribution */ = {
			isa = XCBuildConfiguration;
			buildSettings = {
				ARCHS = "$(ARCHS_STANDARD_32_BIT)";
				"CODE_SIGN_IDENTITY[sdk=iphoneos*]" = "iPhone Distribution";
				GCC_C_LANGUAGE_STANDARD = c99;
				GCC_WARN_ABOUT_RETURN_TYPE = YES;
				GCC_WARN_UNUSED_VARIABLE = YES;
				IPHONEOS_DEPLOYMENT_TARGET = 3.1.3;
				OTHER_LDFLAGS = "";
				PREBINDING = NO;
				"PROVISIONING_PROFILE[sdk=iphoneos*]" = "";
				SDKROOT = iphoneos;
			};
			name = Distribution;
		};
		ACA3D7D81108CDC5001D5D77 /* Distribution */ = {
			isa = XCBuildConfiguration;
			buildSettings = {
				ALWAYS_SEARCH_USER_PATHS = NO;
				COPY_PHASE_STRIP = YES;
				GCC_PRECOMPILE_PREFIX_HEADER = YES;
				GCC_PREFIX_HEADER = KyouhaNannnohi_Prefix.pch;
				INFOPLIST_FILE = "KyouhaNannnohi-Info.plist";
				IPHONEOS_DEPLOYMENT_TARGET = 4.3;
				LIBRARY_SEARCH_PATHS = (
					"$(inherited)",
					"\"$(SRCROOT)\"",
					"\"$(SRCROOT)/Classes/smadd/AdMaker\"",
					"\"$(SRCROOT)/Classes/smadd/AdMob\"",
				);
				PRODUCT_NAME = KyouhaNannnohi;
			};
			name = Distribution;
		};
		C01FCF4F08A954540054247B /* Debug */ = {
			isa = XCBuildConfiguration;
			buildSettings = {
				ARCHS = "$(ARCHS_STANDARD_32_BIT)";
				"CODE_SIGN_IDENTITY[sdk=iphoneos*]" = "iPhone Developer";
				GCC_C_LANGUAGE_STANDARD = c99;
				GCC_PREPROCESSOR_DEFINITIONS = DEBUG;
				GCC_WARN_ABOUT_RETURN_TYPE = YES;
				GCC_WARN_UNUSED_VARIABLE = YES;
				IPHONEOS_DEPLOYMENT_TARGET = 3.1.3;
				OTHER_LDFLAGS = "";
				PREBINDING = NO;
				SDKROOT = iphoneos;
			};
			name = Debug;
		};
		C01FCF5008A954540054247B /* Release */ = {
			isa = XCBuildConfiguration;
			buildSettings = {
				ARCHS = "$(ARCHS_STANDARD_32_BIT)";
				"CODE_SIGN_IDENTITY[sdk=iphoneos*]" = "iPhone Developer";
				GCC_C_LANGUAGE_STANDARD = c99;
				GCC_WARN_ABOUT_RETURN_TYPE = YES;
				GCC_WARN_UNUSED_VARIABLE = YES;
				IPHONEOS_DEPLOYMENT_TARGET = 3.1.3;
				OTHER_LDFLAGS = "";
				PREBINDING = NO;
				SDKROOT = iphoneos;
			};
			name = Release;
		};
/* End XCBuildConfiguration section */

/* Begin XCConfigurationList section */
		1D6058960D05DD3E006BFB54 /* Build configuration list for PBXNativeTarget "KyouhaNannnohi" */ = {
			isa = XCConfigurationList;
			buildConfigurations = (
				1D6058940D05DD3E006BFB54 /* Debug */,
				1D6058950D05DD3E006BFB54 /* Release */,
				ACA3D7D81108CDC5001D5D77 /* Distribution */,
			);
			defaultConfigurationIsVisible = 0;
			defaultConfigurationName = Release;
		};
		C01FCF4E08A954540054247B /* Build configuration list for PBXProject "KyouhaNannnohi" */ = {
			isa = XCConfigurationList;
			buildConfigurations = (
				C01FCF4F08A954540054247B /* Debug */,
				C01FCF5008A954540054247B /* Release */,
				ACA3D7D71108CDC5001D5D77 /* Distribution */,
			);
			defaultConfigurationIsVisible = 0;
			defaultConfigurationName = Release;
		};
/* End XCConfigurationList section */
	};
	rootObject = 29B97313FDCFA39411CA2CEA /* Project object */;
}
